
Microsoft Visual Studio Solution File, Format Version 12.00
# Visual Studio Version 16
VisualStudioVersion = 16.0.30907.101
MinimumVisualStudioVersion = 10.0.40219.1
Project("{FAE04EC0-301F-11D3-BF4B-00C04F79EFBC}") = "MyDictionary", "MyDictionary.csproj", "{FE33DF58-311E-4BBE-8260-D0E1CD2F62BD}"
EndProject
Global
	GlobalSection(SolutionConfigurationPlatforms) = preSolution
		Debug|Any CPU = Debug|Any CPU
		Release|Any CPU = Release|Any CPU
	EndGlobalSection
	GlobalSection(ProjectConfigurationPlatforms) = postSolution
		{FE33DF58-311E-4BBE-8260-D0E1CD2F62BD}.Debug|Any CPU.ActiveCfg = Debug|Any CPU
		{FE33DF58-311E-4BBE-8260-D0E1CD2F62BD}.Debug|Any CPU.Build.0 = Debug|Any CPU
		{FE33DF58-311E-4BBE-8260-D0E1CD2F62BD}.Release|Any CPU.ActiveCfg = Release|Any CPU
		{FE33DF58-311E-4BBE-8260-D0E1CD2F62BD}.Release|Any CPU.Build.0 = Release|Any CPU
	EndGlobalSection
	GlobalSection(SolutionProperties) = preSolution
		HideSolutionNode = FALSE
	EndGlobalSection
	GlobalSection(ExtensibilityGlobals) = postSolution
		SolutionGuid = {EB503495-1331-4F82-AF43-6F160781F08B}
	EndGlobalSection
EndGlobal
